
Microsoft Visual Studio Solution File, Format Version 12.00
# Visual Studio Version 17
VisualStudioVersion = 17.3.32929.385
MinimumVisualStudioVersion = 10.0.40219.1
Project("{FAE04EC0-301F-11D3-BF4B-00C04F79EFBC}") = "Source", "Source\Source.csproj", "{09E80090-9901-46E1-B87D-E5B83B6D3858}"
EndProject
Global
	GlobalSection(SolutionConfigurationPlatforms) = preSolution
		Debug|Any CPU = Debug|Any CPU
		Release|Any CPU = Release|Any CPU
	EndGlobalSection
	GlobalSection(ProjectConfigurationPlatforms) = postSolution
		{09E80090-9901-46E1-B87D-E5B83B6D3858}.Debug|Any CPU.ActiveCfg = Debug|Any CPU
		{09E80090-9901-46E1-B87D-E5B83B6D3858}.Debug|Any CPU.Build.0 = Debug|Any CPU
		{09E80090-9901-46E1-B87D-E5B83B6D3858}.Release|Any CPU.ActiveCfg = Release|Any CPU
		{09E80090-9901-46E1-B87D-E5B83B6D3858}.Release|Any CPU.Build.0 = Release|Any CPU
	EndGlobalSection
	GlobalSection(SolutionProperties) = preSolution
		HideSolutionNode = FALSE
	EndGlobalSection
	GlobalSection(ExtensibilityGlobals) = postSolution
		SolutionGuid = {343215BA-2934-45D0-8502-2D1B16F682FA}
	EndGlobalSection
EndGlobal
